<Solution><Folder Name="/src/"><Project Path="src/VideoSecurityPlayer.Plugin/VideoSecurityPlayer.Plugin.csproj" /><Project Path="src/VideoSecurityPlayer.Standalone/VideoSecurityPlayer.Standalone.csproj" /></Folder><Folder Name="/tests/"><Project Path="tests/VideoSecurityPlayer.Tests/VideoSecurityPlayer.Tests.csproj" /><Project Path="tests/VideoSecurityPlayer.UiTests/VideoSecurityPlayer.UiTests.csproj" /></Folder><Folder Name="/tools/"><Project Path="tools/VideoSecurityPlayer.SecurityBenchmarks/VideoSecurityPlayer.SecurityBenchmarks.csproj" /><Project Path="tools/VideoSecurityPlayer.ReleaseAcceptance/VideoSecurityPlayer.ReleaseAcceptance.csproj" /></Folder></Solution>
